Microsoft Visual Studio Solution File, Format Version 12.00
# Visual Studio 15
VisualStudioVersion = 15.0.26730.10
MinimumVisualStudioVersion = 10.0.40219.1
Project("{2150E333-8FDC-42A3-9474-1A3956D46DE8}") = "GitHub", "GitHub", "{E1A57EF3-7B69-420D-9A11-F708D677C0C6}"
	ProjectSection(SolutionItems) = preProject
		.gitattributes = .gitattributes
		.gitignore = .gitignore
		LICENSE = LICENSE
		README.md = README.md
	EndProjectSection
EndProject
Project("{2150E333-8FDC-42A3-9474-1A3956D46DE8}") = "Tests", "Tests", "{6D5C2702-2FF1-42A8-B86D-E5E5EAE41F66}"
EndProject
Project("{2150E333-8FDC-42A3-9474-1A3956D46DE8}") = "Programs", "Programs", "{DA9EB626-FC40-46C3-A44D-3EE76D044CC8}"
EndProject
Project("{2150E333-8FDC-42A3-9474-1A3956D46DE8}") = "CI", "CI", "{D0592369-8075-4795-BABB-818AF5AD967D}"
	ProjectSection(SolutionItems) = preProject
		appveyor.yml = appveyor.yml
		make-dist.ps1 = make-dist.ps1
	EndProjectSection
EndProject
Project("{9A19103F-16F7-4668-BE54-9A1E7A4F7556}") = "SweMini", "Programs\SweMini\SweMini.csproj", "{67BE4773-CC1F-4C5B-A3A6-38A163C9768C}"
EndProject
Project("{9A19103F-16F7-4668-BE54-9A1E7A4F7556}") = "SwissEphNet", "SwissEphNet\SwissEphNet.csproj", "{067B4733-56FD-46A1-81B5-0FD31D76E68F}"
EndProject
Project("{9A19103F-16F7-4668-BE54-9A1E7A4F7556}") = "SwissEphNet.Tests", "Tests\SwissEphNet.Tests\SwissEphNet.Tests.csproj", "{7D8FDC4D-94FB-4FB7-9457-23DDDE1DE55A}"
EndProject
Project("{9A19103F-16F7-4668-BE54-9A1E7A4F7556}") = "SweTest", "Programs\SweTest\SweTest.csproj", "{0565849E-C335-4A55-ABB0-EB6CAEE8DAAD}"
EndProject
Project("{FAE04EC0-301F-11D3-BF4B-00C04F79EFBC}") = "SweWin", "Programs\SweWin\SweWin.csproj", "{D1AE1640-218C-4CCB-BD09-EADCAE96335A}"
EndProject
Global
	GlobalSection(SolutionConfigurationPlatforms) = preSolution
		Debug|Any CPU = Debug|Any CPU
		Release|Any CPU = Release|Any CPU
	EndGlobalSection
	GlobalSection(ProjectConfigurationPlatforms) = postSolution
		{67BE4773-CC1F-4C5B-A3A6-38A163C9768C}.Debug|Any CPU.ActiveCfg = Debug|Any CPU
		{67BE4773-CC1F-4C5B-A3A6-38A163C9768C}.Debug|Any CPU.Build.0 = Debug|Any CPU
		{67BE4773-CC1F-4C5B-A3A6-38A163C9768C}.Release|Any CPU.ActiveCfg = Release|Any CPU
		{67BE4773-CC1F-4C5B-A3A6-38A163C9768C}.Release|Any CPU.Build.0 = Release|Any CPU
		{067B4733-56FD-46A1-81B5-0FD31D76E68F}.Debug|Any CPU.ActiveCfg = Debug|Any CPU
		{067B4733-56FD-46A1-81B5-0FD31D76E68F}.Debug|Any CPU.Build.0 = Debug|Any CPU
		{067B4733-56FD-46A1-81B5-0FD31D76E68F}.Release|Any CPU.ActiveCfg = Release|Any CPU
		{067B4733-56FD-46A1-81B5-0FD31D76E68F}.Release|Any CPU.Build.0 = Release|Any CPU
		{7D8FDC4D-94FB-4FB7-9457-23DDDE1DE55A}.Debug|Any CPU.ActiveCfg = Debug|Any CPU
		{7D8FDC4D-94FB-4FB7-9457-23DDDE1DE55A}.Debug|Any CPU.Build.0 = Debug|Any CPU
		{7D8FDC4D-94FB-4FB7-9457-23DDDE1DE55A}.Release|Any CPU.ActiveCfg = Release|Any CPU
		{7D8FDC4D-94FB-4FB7-9457-23DDDE1DE55A}.Release|Any CPU.Build.0 = Release|Any CPU
		{0565849E-C335-4A55-ABB0-EB6CAEE8DAAD}.Debug|Any CPU.ActiveCfg = Debug|Any CPU
		{0565849E-C335-4A55-ABB0-EB6CAEE8DAAD}.Debug|Any CPU.Build.0 = Debug|Any CPU
		{0565849E-C335-4A55-ABB0-EB6CAEE8DAAD}.Release|Any CPU.ActiveCfg = Release|Any CPU
		{0565849E-C335-4A55-ABB0-EB6CAEE8DAAD}.Release|Any CPU.Build.0 = Release|Any CPU
		{D1AE1640-218C-4CCB-BD09-EADCAE96335A}.Debug|Any CPU.ActiveCfg = Debug|Any CPU
		{D1AE1640-218C-4CCB-BD09-EADCAE96335A}.Debug|Any CPU.Build.0 = Debug|Any CPU
		{D1AE1640-218C-4CCB-BD09-EADCAE96335A}.Release|Any CPU.ActiveCfg = Release|Any CPU
		{D1AE1640-218C-4CCB-BD09-EADCAE96335A}.Release|Any CPU.Build.0 = Release|Any CPU
	EndGlobalSection
	GlobalSection(SolutionProperties) = preSolution
		HideSolutionNode = FALSE
	EndGlobalSection
	GlobalSection(NestedProjects) = preSolution
		{67BE4773-CC1F-4C5B-A3A6-38A163C9768C} = {DA9EB626-FC40-46C3-A44D-3EE76D044CC8}
		{7D8FDC4D-94FB-4FB7-9457-23DDDE1DE55A} = {6D5C2702-2FF1-42A8-B86D-E5E5EAE41F66}
		{0565849E-C335-4A55-ABB0-EB6CAEE8DAAD} = {DA9EB626-FC40-46C3-A44D-3EE76D044CC8}
		{D1AE1640-218C-4CCB-BD09-EADCAE96335A} = {DA9EB626-FC40-46C3-A44D-3EE76D044CC8}
	EndGlobalSection
	GlobalSection(ExtensibilityGlobals) = postSolution
		SolutionGuid = {C3365763-6184-4409-A0B5-050E80CF0800}
	EndGlobalSection
EndGlobal
