
Microsoft Visual Studio Solution File, Format Version 12.00
# Visual Studio 2013
VisualStudioVersion = 12.0.30110.0
MinimumVisualStudioVersion = 10.0.40219.1
Project("{FAE04EC0-301F-11D3-BF4B-00C04F79EFBC}") = "SweNet", "SweNet\SweNet.csproj", "{1FB73EE2-380E-460F-A57D-0FBAA73EBA25}"
EndProject
Project("{2150E333-8FDC-42A3-9474-1A3956D46DE8}") = "GitHub", "GitHub", "{E1A57EF3-7B69-420D-9A11-F708D677C0C6}"
	ProjectSection(SolutionItems) = preProject
		LICENSE = LICENSE
		README.md = README.md
	EndProjectSection
EndProject
Project("{2150E333-8FDC-42A3-9474-1A3956D46DE8}") = "Tests", "Tests", "{6D5C2702-2FF1-42A8-B86D-E5E5EAE41F66}"
EndProject
Project("{FAE04EC0-301F-11D3-BF4B-00C04F79EFBC}") = "SweNet.Tests", "SweNet.Tests\SweNet.Tests.csproj", "{2704F962-2890-40DD-9285-52D6877F0E28}"
EndProject
Global
	GlobalSection(SolutionConfigurationPlatforms) = preSolution
		Debug|Any CPU = Debug|Any CPU
		Release|Any CPU = Release|Any CPU
	EndGlobalSection
	GlobalSection(ProjectConfigurationPlatforms) = postSolution
		{1FB73EE2-380E-460F-A57D-0FBAA73EBA25}.Debug|Any CPU.ActiveCfg = Debug|Any CPU
		{1FB73EE2-380E-460F-A57D-0FBAA73EBA25}.Debug|Any CPU.Build.0 = Debug|Any CPU
		{1FB73EE2-380E-460F-A57D-0FBAA73EBA25}.Release|Any CPU.ActiveCfg = Release|Any CPU
		{1FB73EE2-380E-460F-A57D-0FBAA73EBA25}.Release|Any CPU.Build.0 = Release|Any CPU
		{2704F962-2890-40DD-9285-52D6877F0E28}.Debug|Any CPU.ActiveCfg = Debug|Any CPU
		{2704F962-2890-40DD-9285-52D6877F0E28}.Debug|Any CPU.Build.0 = Debug|Any CPU
		{2704F962-2890-40DD-9285-52D6877F0E28}.Release|Any CPU.ActiveCfg = Release|Any CPU
		{2704F962-2890-40DD-9285-52D6877F0E28}.Release|Any CPU.Build.0 = Release|Any CPU
	EndGlobalSection
	GlobalSection(SolutionProperties) = preSolution
		HideSolutionNode = FALSE
	EndGlobalSection
	GlobalSection(NestedProjects) = preSolution
		{2704F962-2890-40DD-9285-52D6877F0E28} = {6D5C2702-2FF1-42A8-B86D-E5E5EAE41F66}
	EndGlobalSection
EndGlobal
